
Microsoft Visual Studio Solution File, Format Version 12.00
# Visual Studio 15
VisualStudioVersion = 15.0.28307.421
MinimumVisualStudioVersion = 10.0.40219.1
Project("{FAE04EC0-301F-11D3-BF4B-00C04F79EFBC}") = "ScriptManifestExtensions", "ScriptManifestExtensions\ScriptManifestExtensions.csproj", "{FC0AF435-A6C3-4523-9197-C2441D019485}"
EndProject
Global
	GlobalSection(SolutionConfigurationPlatforms) = preSolution
		Debug|Any CPU = Debug|Any CPU
		Release|Any CPU = Release|Any CPU
	EndGlobalSection
	GlobalSection(ProjectConfigurationPlatforms) = postSolution
		{FC0AF435-A6C3-4523-9197-C2441D019485}.Debug|Any CPU.ActiveCfg = Debug|Any CPU
		{FC0AF435-A6C3-4523-9197-C2441D019485}.Debug|Any CPU.Build.0 = Debug|Any CPU
		{FC0AF435-A6C3-4523-9197-C2441D019485}.Release|Any CPU.ActiveCfg = Release|Any CPU
		{FC0AF435-A6C3-4523-9197-C2441D019485}.Release|Any CPU.Build.0 = Release|Any CPU
	EndGlobalSection
	GlobalSection(SolutionProperties) = preSolution
		HideSolutionNode = FALSE
	EndGlobalSection
	GlobalSection(ExtensibilityGlobals) = postSolution
		SolutionGuid = {4411A9A7-8F7A-4538-9C32-6B81BB2B78E0}
	EndGlobalSection
EndGlobal
